
Microsoft Visual Studio Solution File, Format Version 12.00
# Visual Studio 15
VisualStudioVersion = 15.0.27703.2035
MinimumVisualStudioVersion = 10.0.40219.1
Project("{9A19103F-16F7-4668-BE54-9A1E7A4F7556}") = "NHibernateBugTest", "NHibernateBugTest\NHibernateBugTest.csproj", "{E55C3D9C-EE6C-4368-82CA-5BEBBA3A79D7}"
EndProject
Project("{FAE04EC0-301F-11D3-BF4B-00C04F79EFBC}") = "DbConnectionTest", "DbConnectionTest\DbConnectionTest.csproj", "{0C7B4205-03D7-456E-9114-10208B7B3D97}"
EndProject
Project("{FAE04EC0-301F-11D3-BF4B-00C04F79EFBC}") = "WebApplication1", "WebApplication1\WebApplication1.csproj", "{8EC50AC4-7A7C-4662-AA68-286A0BFA566E}"
EndProject
Global
	GlobalSection(SolutionConfigurationPlatforms) = preSolution
		Debug|Any CPU = Debug|Any CPU
		Release|Any CPU = Release|Any CPU
	EndGlobalSection
	GlobalSection(ProjectConfigurationPlatforms) = postSolution
		{E55C3D9C-EE6C-4368-82CA-5BEBBA3A79D7}.Debug|Any CPU.ActiveCfg = Debug|Any CPU
		{E55C3D9C-EE6C-4368-82CA-5BEBBA3A79D7}.Debug|Any CPU.Build.0 = Debug|Any CPU
		{E55C3D9C-EE6C-4368-82CA-5BEBBA3A79D7}.Release|Any CPU.ActiveCfg = Release|Any CPU
		{E55C3D9C-EE6C-4368-82CA-5BEBBA3A79D7}.Release|Any CPU.Build.0 = Release|Any CPU
		{0C7B4205-03D7-456E-9114-10208B7B3D97}.Debug|Any CPU.ActiveCfg = Debug|Any CPU
		{0C7B4205-03D7-456E-9114-10208B7B3D97}.Debug|Any CPU.Build.0 = Debug|Any CPU
		{0C7B4205-03D7-456E-9114-10208B7B3D97}.Release|Any CPU.ActiveCfg = Release|Any CPU
		{0C7B4205-03D7-456E-9114-10208B7B3D97}.Release|Any CPU.Build.0 = Release|Any CPU
		{8EC50AC4-7A7C-4662-AA68-286A0BFA566E}.Debug|Any CPU.ActiveCfg = Debug|Any CPU
		{8EC50AC4-7A7C-4662-AA68-286A0BFA566E}.Debug|Any CPU.Build.0 = Debug|Any CPU
		{8EC50AC4-7A7C-4662-AA68-286A0BFA566E}.Release|Any CPU.ActiveCfg = Release|Any CPU
		{8EC50AC4-7A7C-4662-AA68-286A0BFA566E}.Release|Any CPU.Build.0 = Release|Any CPU
	EndGlobalSection
	GlobalSection(SolutionProperties) = preSolution
		HideSolutionNode = FALSE
	EndGlobalSection
	GlobalSection(ExtensibilityGlobals) = postSolution
		SolutionGuid = {65EDC17B-596B-4E23-95AE-779A06513CDD}
	EndGlobalSection
EndGlobal
